{
  "nodes": {
    "agenix": {
      "inputs": {
        "nixpkgs": [
          "nixpkgs"
        ]
      },
      "locked": {
        "lastModified": 1637793790,
        "narHash": "sha256-oPXavjxETEWGXq8g7kQHyRLKUmLX2yPtGn+t3V0mrTY=",
        "owner": "ryantm",
        "repo": "agenix",
        "rev": "f85eea0e29fa9a8924571d0e398215e175f80d55",
        "type": "github"
      },
      "original": {
        "owner": "ryantm",
        "repo": "agenix",
        "type": "github"
      }
    },
    "emacs-overlay": {
      "locked": {
        "lastModified": 1639335156,
        "narHash": "sha256-WarHEkVDvmr18cHSehOUunpE2qK5XUZGiEjAUmn2r4g=",
        "owner": "nix-community",
        "repo": "emacs-overlay",
        "rev": "b5754823ce922a10a73dc534a350d53ee134be84",
        "type": "github"
      },
      "original": {
        "owner": "nix-community",
        "repo": "emacs-overlay",
        "rev": "80db8e4e9f25e81662a244a96029f3427fe3d5b9",
        "type": "github"
      }
    },
    "home-manager": {
      "inputs": {
        "nixpkgs": [
          "nixpkgs"
        ]
      },
      "locked": {
        "lastModified": 1639329010,
        "narHash": "sha256-k9OXwR06419/s0FAnRalUs24+8EI6GepGaatAXhBc+0=",
        "owner": "rycee",
        "repo": "home-manager",
        "rev": "3d46c011d2cc2c9ca24d9b803e9daf156d9429ea",
        "type": "github"
      },
      "original": {
        "owner": "rycee",
        "ref": "master",
        "repo": "home-manager",
        "type": "github"
      }
    },
    "nixos-hardware": {
      "locked": {
        "lastModified": 1639240632,
        "narHash": "sha256-BAXhgnPOW1COIfZ9EOOFTdolalYS73MFHSRajgrSdZw=",
        "owner": "nixos",
        "repo": "nixos-hardware",
        "rev": "2a7063461c3751d83869a2a0a8ebc59e34bec5b2",
        "type": "github"
      },
      "original": {
        "owner": "nixos",
        "repo": "nixos-hardware",
        "type": "github"
      }
    },
    "nixpkgs": {
      "locked": {
        "lastModified": 1637753138,
        "narHash": "sha256-yo7E4a/miP77fH3Ksp9tmYECAPjxBeweJFeZ4tX9O/U=",
        "owner": "NixOS",
        "repo": "nixpkgs",
        "rev": "39cb89ef2ffcbef8d2ac2d52267ac69121a6becb",
        "type": "github"
      },
      "original": {
        "id": "nixpkgs",
        "ref": "nixos-unstable",
        "type": "indirect"
      }
    },
    "nixpkgs-unstable": {
      "locked": {
        "lastModified": 1639239143,
        "narHash": "sha256-9fFMUs6m3/4ZMflSqRgO4iEkBtFBnDyLWa3AB2tOvfs=",
        "owner": "NixOS",
        "repo": "nixpkgs",
        "rev": "e6df26a654b7fdd59a068c57001eab5736b1363c",
        "type": "github"
      },
      "original": {
        "id": "nixpkgs",
        "ref": "nixpkgs-unstable",
        "type": "indirect"
      }
    },
    "root": {
      "inputs": {
        "agenix": "agenix",
        "emacs-overlay": "emacs-overlay",
        "home-manager": "home-manager",
        "nixos-hardware": "nixos-hardware",
        "nixpkgs": "nixpkgs",
        "nixpkgs-unstable": "nixpkgs-unstable"
      }
    }
  },
  "root": "root",
  "version": 7
}
